
Microsoft Visual Studio Solution File, Format Version 12.00
# Visual Studio 2012
Project("{FAE04EC0-301F-11D3-BF4B-00C04F79EFBC}") = "PureTPLHttpClientNet40", "PureTPLHttpClientNet40\PureTPLHttpClientNet40.csproj", "{C4823D14-5099-4AB9-8621-D3F053429FC9}"
EndProject
Project("{FAE04EC0-301F-11D3-BF4B-00C04F79EFBC}") = "SampleAPI", "SampleAPI\SampleAPI.csproj", "{CC3AAA24-5DD1-4FCB-A4D5-7D227F343A7D}"
EndProject
Project("{2150E333-8FDC-42A3-9474-1A3956D46DE8}") = ".nuget", ".nuget", "{041FC14E-F473-4B8A-AE51-9516D10C5BA1}"
	ProjectSection(SolutionItems) = preProject
		.nuget\NuGet.Config = .nuget\NuGet.Config
		.nuget\NuGet.exe = .nuget\NuGet.exe
		.nuget\NuGet.targets = .nuget\NuGet.targets
	EndProjectSection
EndProject
Global
	GlobalSection(SolutionConfigurationPlatforms) = preSolution
		Debug|Any CPU = Debug|Any CPU
		Release|Any CPU = Release|Any CPU
	EndGlobalSection
	GlobalSection(ProjectConfigurationPlatforms) = postSolution
		{C4823D14-5099-4AB9-8621-D3F053429FC9}.Debug|Any CPU.ActiveCfg = Debug|Any CPU
		{C4823D14-5099-4AB9-8621-D3F053429FC9}.Debug|Any CPU.Build.0 = Debug|Any CPU
		{C4823D14-5099-4AB9-8621-D3F053429FC9}.Release|Any CPU.ActiveCfg = Release|Any CPU
		{C4823D14-5099-4AB9-8621-D3F053429FC9}.Release|Any CPU.Build.0 = Release|Any CPU
		{CC3AAA24-5DD1-4FCB-A4D5-7D227F343A7D}.Debug|Any CPU.ActiveCfg = Debug|Any CPU
		{CC3AAA24-5DD1-4FCB-A4D5-7D227F343A7D}.Debug|Any CPU.Build.0 = Debug|Any CPU
		{CC3AAA24-5DD1-4FCB-A4D5-7D227F343A7D}.Release|Any CPU.ActiveCfg = Release|Any CPU
		{CC3AAA24-5DD1-4FCB-A4D5-7D227F343A7D}.Release|Any CPU.Build.0 = Release|Any CPU
	EndGlobalSection
	GlobalSection(SolutionProperties) = preSolution
		HideSolutionNode = FALSE
	EndGlobalSection
EndGlobal
