
Microsoft Visual Studio Solution File, Format Version 12.00
# Visual Studio 2013
VisualStudioVersion = 12.0.21005.1
MinimumVisualStudioVersion = 10.0.40219.1
Project("{FAE04EC0-301F-11D3-BF4B-00C04F79EFBC}") = "ParallelOwinTesting.Api", "ParallelOwinTesting.Api\ParallelOwinTesting.Api.csproj", "{C5CD5896-D746-423F-A342-674762A345FB}"
EndProject
Project("{FAE04EC0-301F-11D3-BF4B-00C04F79EFBC}") = "ParallelOwinTesting.Api.Integration.Tests", "ParallelOwinTesting.Api.Integration.Tests\ParallelOwinTesting.Api.Integration.Tests.csproj", "{F3FC25C4-A282-411A-96B7-5C1CC166DE9A}"
EndProject
Global
	GlobalSection(SolutionConfigurationPlatforms) = preSolution
		Debug|Any CPU = Debug|Any CPU
		Release|Any CPU = Release|Any CPU
	EndGlobalSection
	GlobalSection(ProjectConfigurationPlatforms) = postSolution
		{C5CD5896-D746-423F-A342-674762A345FB}.Debug|Any CPU.ActiveCfg = Debug|Any CPU
		{C5CD5896-D746-423F-A342-674762A345FB}.Debug|Any CPU.Build.0 = Debug|Any CPU
		{C5CD5896-D746-423F-A342-674762A345FB}.Release|Any CPU.ActiveCfg = Release|Any CPU
		{C5CD5896-D746-423F-A342-674762A345FB}.Release|Any CPU.Build.0 = Release|Any CPU
		{F3FC25C4-A282-411A-96B7-5C1CC166DE9A}.Debug|Any CPU.ActiveCfg = Debug|Any CPU
		{F3FC25C4-A282-411A-96B7-5C1CC166DE9A}.Debug|Any CPU.Build.0 = Debug|Any CPU
		{F3FC25C4-A282-411A-96B7-5C1CC166DE9A}.Release|Any CPU.ActiveCfg = Release|Any CPU
		{F3FC25C4-A282-411A-96B7-5C1CC166DE9A}.Release|Any CPU.Build.0 = Release|Any CPU
	EndGlobalSection
	GlobalSection(SolutionProperties) = preSolution
		HideSolutionNode = FALSE
	EndGlobalSection
EndGlobal
