
Microsoft Visual Studio Solution File, Format Version 12.00
# Visual Studio 2013
VisualStudioVersion = 12.0.21005.1
MinimumVisualStudioVersion = 10.0.40219.1
Project("{FAE04EC0-301F-11D3-BF4B-00C04F79EFBC}") = "ResourceOwnerCredentialsSample", "ResourceOwnerCredentialsSample\ResourceOwnerCredentialsSample.csproj", "{DE17E403-145B-479C-8937-6F2E32CE5464}"
EndProject
Project("{FAE04EC0-301F-11D3-BF4B-00C04F79EFBC}") = "ResourceOwnerCredentialsSample.Tests", "ResourceOwnerCredentialsSample.Tests\ResourceOwnerCredentialsSample.Tests.csproj", "{D5CFFD0D-B546-4638-9556-DF47E18C05AE}"
EndProject
Global
	GlobalSection(SolutionConfigurationPlatforms) = preSolution
		Debug|Any CPU = Debug|Any CPU
		Release|Any CPU = Release|Any CPU
	EndGlobalSection
	GlobalSection(ProjectConfigurationPlatforms) = postSolution
		{DE17E403-145B-479C-8937-6F2E32CE5464}.Debug|Any CPU.ActiveCfg = Debug|Any CPU
		{DE17E403-145B-479C-8937-6F2E32CE5464}.Debug|Any CPU.Build.0 = Debug|Any CPU
		{DE17E403-145B-479C-8937-6F2E32CE5464}.Release|Any CPU.ActiveCfg = Release|Any CPU
		{DE17E403-145B-479C-8937-6F2E32CE5464}.Release|Any CPU.Build.0 = Release|Any CPU
		{D5CFFD0D-B546-4638-9556-DF47E18C05AE}.Debug|Any CPU.ActiveCfg = Debug|Any CPU
		{D5CFFD0D-B546-4638-9556-DF47E18C05AE}.Debug|Any CPU.Build.0 = Debug|Any CPU
		{D5CFFD0D-B546-4638-9556-DF47E18C05AE}.Release|Any CPU.ActiveCfg = Release|Any CPU
		{D5CFFD0D-B546-4638-9556-DF47E18C05AE}.Release|Any CPU.Build.0 = Release|Any CPU
	EndGlobalSection
	GlobalSection(SolutionProperties) = preSolution
		HideSolutionNode = FALSE
	EndGlobalSection
EndGlobal
