
Microsoft Visual Studio Solution File, Format Version 12.00
# Visual Studio 2013
VisualStudioVersion = 12.0.30723.0
MinimumVisualStudioVersion = 10.0.40219.1
Project("{FAE04EC0-301F-11D3-BF4B-00C04F79EFBC}") = "JsonPatchSample", "JsonPatchSample\JsonPatchSample.csproj", "{007920EC-D586-4EEA-A030-21ED10E3A0B9}"
EndProject
Project("{2150E333-8FDC-42A3-9474-1A3956D46DE8}") = "JsonPatch", "JsonPatch", "{488386DB-E1DE-4283-AF71-610A9475CEFF}"
EndProject
Project("{FAE04EC0-301F-11D3-BF4B-00C04F79EFBC}") = "JsonPatch", "3rdParty\JsonPatch\src\JsonPatch\JsonPatch.csproj", "{E602A320-C4BC-4DB8-8351-0C9DC6A4463C}"
EndProject
Global
	GlobalSection(SolutionConfigurationPlatforms) = preSolution
		Debug|Any CPU = Debug|Any CPU
		Release|Any CPU = Release|Any CPU
	EndGlobalSection
	GlobalSection(ProjectConfigurationPlatforms) = postSolution
		{007920EC-D586-4EEA-A030-21ED10E3A0B9}.Debug|Any CPU.ActiveCfg = Debug|Any CPU
		{007920EC-D586-4EEA-A030-21ED10E3A0B9}.Debug|Any CPU.Build.0 = Debug|Any CPU
		{007920EC-D586-4EEA-A030-21ED10E3A0B9}.Release|Any CPU.ActiveCfg = Release|Any CPU
		{007920EC-D586-4EEA-A030-21ED10E3A0B9}.Release|Any CPU.Build.0 = Release|Any CPU
		{E602A320-C4BC-4DB8-8351-0C9DC6A4463C}.Debug|Any CPU.ActiveCfg = Debug|Any CPU
		{E602A320-C4BC-4DB8-8351-0C9DC6A4463C}.Debug|Any CPU.Build.0 = Debug|Any CPU
		{E602A320-C4BC-4DB8-8351-0C9DC6A4463C}.Release|Any CPU.ActiveCfg = Release|Any CPU
		{E602A320-C4BC-4DB8-8351-0C9DC6A4463C}.Release|Any CPU.Build.0 = Release|Any CPU
	EndGlobalSection
	GlobalSection(SolutionProperties) = preSolution
		HideSolutionNode = FALSE
	EndGlobalSection
	GlobalSection(NestedProjects) = preSolution
		{E602A320-C4BC-4DB8-8351-0C9DC6A4463C} = {488386DB-E1DE-4283-AF71-610A9475CEFF}
	EndGlobalSection
EndGlobal
