
Microsoft Visual Studio Solution File, Format Version 12.00
# Visual Studio 2012
Project("{FAE04EC0-301F-11D3-BF4B-00C04F79EFBC}") = "MultiTenantWebAPI", "MultiTenantWebAPI\MultiTenantWebAPI.csproj", "{2C05FB38-6216-4486-A936-C79269954ACB}"
EndProject
Global
	GlobalSection(SolutionConfigurationPlatforms) = preSolution
		Debug|Any CPU = Debug|Any CPU
		Release|Any CPU = Release|Any CPU
	EndGlobalSection
	GlobalSection(ProjectConfigurationPlatforms) = postSolution
		{2C05FB38-6216-4486-A936-C79269954ACB}.Debug|Any CPU.ActiveCfg = Debug|Any CPU
		{2C05FB38-6216-4486-A936-C79269954ACB}.Debug|Any CPU.Build.0 = Debug|Any CPU
		{2C05FB38-6216-4486-A936-C79269954ACB}.Release|Any CPU.ActiveCfg = Release|Any CPU
		{2C05FB38-6216-4486-A936-C79269954ACB}.Release|Any CPU.Build.0 = Release|Any CPU
	EndGlobalSection
	GlobalSection(SolutionProperties) = preSolution
		HideSolutionNode = FALSE
	EndGlobalSection
EndGlobal
