
Microsoft Visual Studio Solution File, Format Version 12.00
# Visual Studio 2012
Project("{FAE04EC0-301F-11D3-BF4B-00C04F79EFBC}") = "ValidationSample", "ValidationSample\ValidationSample.csproj", "{385DCF5A-E3EA-4104-AE25-99A7EEFAF563}"
EndProject
Global
	GlobalSection(SolutionConfigurationPlatforms) = preSolution
		Debug|Any CPU = Debug|Any CPU
		Release|Any CPU = Release|Any CPU
	EndGlobalSection
	GlobalSection(ProjectConfigurationPlatforms) = postSolution
		{385DCF5A-E3EA-4104-AE25-99A7EEFAF563}.Debug|Any CPU.ActiveCfg = Debug|Any CPU
		{385DCF5A-E3EA-4104-AE25-99A7EEFAF563}.Debug|Any CPU.Build.0 = Debug|Any CPU
		{385DCF5A-E3EA-4104-AE25-99A7EEFAF563}.Release|Any CPU.ActiveCfg = Release|Any CPU
		{385DCF5A-E3EA-4104-AE25-99A7EEFAF563}.Release|Any CPU.Build.0 = Release|Any CPU
	EndGlobalSection
	GlobalSection(SolutionProperties) = preSolution
		HideSolutionNode = FALSE
	EndGlobalSection
EndGlobal
