
Microsoft Visual Studio Solution File, Format Version 12.00
# Visual Studio 2013
VisualStudioVersion = 12.0.21005.1
MinimumVisualStudioVersion = 10.0.40219.1
Project("{FAE04EC0-301F-11D3-BF4B-00C04F79EFBC}") = "AttributeRoutingSample", "AttributeRoutingSample\AttributeRoutingSample.csproj", "{68C2BAEE-F82B-4756-82C9-72C63C1E8C5F}"
EndProject
Project("{FAE04EC0-301F-11D3-BF4B-00C04F79EFBC}") = "AttributeRoutingSample.Docs", "AttributeRoutingSample.Docs\AttributeRoutingSample.Docs.csproj", "{8C33B250-E690-4EF9-9DFD-DC844470509C}"
EndProject
Project("{FAE04EC0-301F-11D3-BF4B-00C04F79EFBC}") = "AttributeRoutingSample.Core", "AttributeRoutingSample.Core\AttributeRoutingSample.Core.csproj", "{8E694E3A-CB82-466F-BA44-5D912AE712CB}"
EndProject
Global
	GlobalSection(SolutionConfigurationPlatforms) = preSolution
		Debug|Any CPU = Debug|Any CPU
		Release|Any CPU = Release|Any CPU
	EndGlobalSection
	GlobalSection(ProjectConfigurationPlatforms) = postSolution
		{68C2BAEE-F82B-4756-82C9-72C63C1E8C5F}.Debug|Any CPU.ActiveCfg = Debug|Any CPU
		{68C2BAEE-F82B-4756-82C9-72C63C1E8C5F}.Debug|Any CPU.Build.0 = Debug|Any CPU
		{68C2BAEE-F82B-4756-82C9-72C63C1E8C5F}.Release|Any CPU.ActiveCfg = Release|Any CPU
		{68C2BAEE-F82B-4756-82C9-72C63C1E8C5F}.Release|Any CPU.Build.0 = Release|Any CPU
		{8C33B250-E690-4EF9-9DFD-DC844470509C}.Debug|Any CPU.ActiveCfg = Debug|Any CPU
		{8C33B250-E690-4EF9-9DFD-DC844470509C}.Debug|Any CPU.Build.0 = Debug|Any CPU
		{8C33B250-E690-4EF9-9DFD-DC844470509C}.Release|Any CPU.ActiveCfg = Release|Any CPU
		{8C33B250-E690-4EF9-9DFD-DC844470509C}.Release|Any CPU.Build.0 = Release|Any CPU
		{8E694E3A-CB82-466F-BA44-5D912AE712CB}.Debug|Any CPU.ActiveCfg = Debug|Any CPU
		{8E694E3A-CB82-466F-BA44-5D912AE712CB}.Debug|Any CPU.Build.0 = Debug|Any CPU
		{8E694E3A-CB82-466F-BA44-5D912AE712CB}.Release|Any CPU.ActiveCfg = Release|Any CPU
		{8E694E3A-CB82-466F-BA44-5D912AE712CB}.Release|Any CPU.Build.0 = Release|Any CPU
	EndGlobalSection
	GlobalSection(SolutionProperties) = preSolution
		HideSolutionNode = FALSE
	EndGlobalSection
EndGlobal
